
Microsoft Visual Studio Solution File, Format Version 12.00
# Visual Studio Version 17
VisualStudioVersion = 17.10.35027.167
MinimumVisualStudioVersion = 10.0.40219.1
Project("{FAE04EC0-301F-11D3-BF4B-00C04F79EFBC}") = "SolutionCDB.Web.Server", "SolutionCDB.Web\SolutionCDB.Web.Server\SolutionCDB.Web.Server.csproj", "{73109261-C729-43FA-AAFF-9B316E14D1F8}"
EndProject
Project("{54A90642-561A-4BB1-A94E-469ADEE60C69}") = "solutioncdb.web.client", "SolutionCDB.Web\solutioncdb.web.client\solutioncdb.web.client.esproj", "{5E062566-58E3-4D21-BFE8-053D4CFC54DB}"
EndProject
Project("{FAE04EC0-301F-11D3-BF4B-00C04F79EFBC}") = "SolutionCDB.Domain", "SolutionCDB.Domain\SolutionCDB.Domain.csproj", "{EBA57789-8AC0-4A57-8D28-B8CD9D324381}"
EndProject
Project("{FAE04EC0-301F-11D3-BF4B-00C04F79EFBC}") = "SolutionCDB.Service", "SolutionCDB.Service\SolutionCDB.Service.csproj", "{0651EE01-9BED-422F-B83D-880AAE7A53D3}"
EndProject
Global
	GlobalSection(SolutionConfigurationPlatforms) = preSolution
		Debug|Any CPU = Debug|Any CPU
		Release|Any CPU = Release|Any CPU
	EndGlobalSection
	GlobalSection(ProjectConfigurationPlatforms) = postSolution
		{73109261-C729-43FA-AAFF-9B316E14D1F8}.Debug|Any CPU.ActiveCfg = Debug|Any CPU
		{73109261-C729-43FA-AAFF-9B316E14D1F8}.Debug|Any CPU.Build.0 = Debug|Any CPU
		{73109261-C729-43FA-AAFF-9B316E14D1F8}.Release|Any CPU.ActiveCfg = Release|Any CPU
		{73109261-C729-43FA-AAFF-9B316E14D1F8}.Release|Any CPU.Build.0 = Release|Any CPU
		{5E062566-58E3-4D21-BFE8-053D4CFC54DB}.Debug|Any CPU.ActiveCfg = Debug|Any CPU
		{5E062566-58E3-4D21-BFE8-053D4CFC54DB}.Debug|Any CPU.Build.0 = Debug|Any CPU
		{5E062566-58E3-4D21-BFE8-053D4CFC54DB}.Debug|Any CPU.Deploy.0 = Debug|Any CPU
		{5E062566-58E3-4D21-BFE8-053D4CFC54DB}.Release|Any CPU.ActiveCfg = Release|Any CPU
		{5E062566-58E3-4D21-BFE8-053D4CFC54DB}.Release|Any CPU.Build.0 = Release|Any CPU
		{5E062566-58E3-4D21-BFE8-053D4CFC54DB}.Release|Any CPU.Deploy.0 = Release|Any CPU
		{EBA57789-8AC0-4A57-8D28-B8CD9D324381}.Debug|Any CPU.ActiveCfg = Debug|Any CPU
		{EBA57789-8AC0-4A57-8D28-B8CD9D324381}.Debug|Any CPU.Build.0 = Debug|Any CPU
		{EBA57789-8AC0-4A57-8D28-B8CD9D324381}.Release|Any CPU.ActiveCfg = Release|Any CPU
		{EBA57789-8AC0-4A57-8D28-B8CD9D324381}.Release|Any CPU.Build.0 = Release|Any CPU
		{0651EE01-9BED-422F-B83D-880AAE7A53D3}.Debug|Any CPU.ActiveCfg = Debug|Any CPU
		{0651EE01-9BED-422F-B83D-880AAE7A53D3}.Debug|Any CPU.Build.0 = Debug|Any CPU
		{0651EE01-9BED-422F-B83D-880AAE7A53D3}.Release|Any CPU.ActiveCfg = Release|Any CPU
		{0651EE01-9BED-422F-B83D-880AAE7A53D3}.Release|Any CPU.Build.0 = Release|Any CPU
	EndGlobalSection
	GlobalSection(SolutionProperties) = preSolution
		HideSolutionNode = FALSE
	EndGlobalSection
	GlobalSection(ExtensibilityGlobals) = postSolution
		SolutionGuid = {9EC97581-98A2-4202-B640-E3BD221418A2}
	EndGlobalSection
EndGlobal
